
Microsoft Visual Studio Solution File, Format Version 12.00
# Visual Studio Version 17
VisualStudioVersion = 17.13.35828.75
MinimumVisualStudioVersion = 10.0.40219.1
Project("{FAE04EC0-301F-11D3-BF4B-00C04F79EFBC}") = "SignalRxoGame", "SignalRxoGame\SignalRxoGame\SignalRxoGame.csproj", "{ABFB7296-4C68-4B26-B550-49DE7A775FFD}"
EndProject
Project("{FAE04EC0-301F-11D3-BF4B-00C04F79EFBC}") = "SignalRxoGame.Client", "SignalRxoGame\SignalRxoGame.Client\SignalRxoGame.Client.csproj", "{718A1F75-F0E2-4394-99C1-82F35E8D071E}"
EndProject
Project("{FAE04EC0-301F-11D3-BF4B-00C04F79EFBC}") = "SignalRxoGame.shared", "SignalRxoGame.shared\SignalRxoGame.shared.csproj", "{AB041D2C-AFCA-4235-BCF7-5B8DBCFB9EB7}"
EndProject
Global
	GlobalSection(SolutionConfigurationPlatforms) = preSolution
		Debug|Any CPU = Debug|Any CPU
		Release|Any CPU = Release|Any CPU
	EndGlobalSection
	GlobalSection(ProjectConfigurationPlatforms) = postSolution
		{ABFB7296-4C68-4B26-B550-49DE7A775FFD}.Debug|Any CPU.ActiveCfg = Debug|Any CPU
		{ABFB7296-4C68-4B26-B550-49DE7A775FFD}.Debug|Any CPU.Build.0 = Debug|Any CPU
		{ABFB7296-4C68-4B26-B550-49DE7A775FFD}.Release|Any CPU.ActiveCfg = Release|Any CPU
		{ABFB7296-4C68-4B26-B550-49DE7A775FFD}.Release|Any CPU.Build.0 = Release|Any CPU
		{718A1F75-F0E2-4394-99C1-82F35E8D071E}.Debug|Any CPU.ActiveCfg = Debug|Any CPU
		{718A1F75-F0E2-4394-99C1-82F35E8D071E}.Debug|Any CPU.Build.0 = Debug|Any CPU
		{718A1F75-F0E2-4394-99C1-82F35E8D071E}.Release|Any CPU.ActiveCfg = Release|Any CPU
		{718A1F75-F0E2-4394-99C1-82F35E8D071E}.Release|Any CPU.Build.0 = Release|Any CPU
		{AB041D2C-AFCA-4235-BCF7-5B8DBCFB9EB7}.Debug|Any CPU.ActiveCfg = Debug|Any CPU
		{AB041D2C-AFCA-4235-BCF7-5B8DBCFB9EB7}.Debug|Any CPU.Build.0 = Debug|Any CPU
		{AB041D2C-AFCA-4235-BCF7-5B8DBCFB9EB7}.Release|Any CPU.ActiveCfg = Release|Any CPU
		{AB041D2C-AFCA-4235-BCF7-5B8DBCFB9EB7}.Release|Any CPU.Build.0 = Release|Any CPU
	EndGlobalSection
	GlobalSection(SolutionProperties) = preSolution
		HideSolutionNode = FALSE
	EndGlobalSection
	GlobalSection(ExtensibilityGlobals) = postSolution
		SolutionGuid = {BC3A46AA-B581-4738-ADE9-9489528F5E5A}
	EndGlobalSection
EndGlobal
